{
  "version": 4,
  "terraform_version": "1.6.2",
  "serial": 1,
  "lineage": "389ed39c-a5d1-1884-9c0a-4ab33383d712",
  "outputs": {},
  "resources": [
    {
      "mode": "managed",
      "type": "azurerm_virtual_network",
      "name": "example",
      "provider": "provider[\"registry.terraform.io/hashicorp/azurerm\"]",
      "instances": [
        {
          "schema_version": 0,
          "attributes": {
            "address_space": [
              "10.0.0.0/16"
            ],
            "bgp_community": "",
            "ddos_protection_plan": [],
            "dns_servers": [],
            "edge_zone": "",
            "encryption": [],
            "flow_timeout_in_minutes": 0,
            "guid": "1b48831b-c972-4f3e-b7b5-a02f3c8dea3e",
            "id": "/subscriptions/76e5cae4-686a-4880-b01c-ca42b21a180f/resourceGroups/test-rgg/providers/Microsoft.Network/virtualNetworks/test-vnetv",
            "location": "eastus",
            "name": "test-vnetv",
            "resource_group_name": "test-rgg",
            "subnet": [
              {
                "address_prefix": "10.0.0.0/24",
                "id": "/subscriptions/76e5cae4-686a-4880-b01c-ca42b21a180f/resourceGroups/test-rgg/providers/Microsoft.Network/virtualNetworks/test-vnetv/subnets/default",
                "name": "default",
                "security_group": ""
              }
            ],
            "tags": {},
            "timeouts": null
          },
          "sensitive_attributes": [],
          "private": "eyJlMmJmYjczMC1lY2FhLTExZTYtOGY4OC0zNDM2M2JjN2M0YzAiOnsiY3JlYXRlIjoxODAwMDAwMDAwMDAwLCJkZWxldGUiOjE4MDAwMDAwMDAwMDAsInJlYWQiOjMwMDAwMDAwMDAwMCwidXBkYXRlIjoxODAwMDAwMDAwMDAwfSwic2NoZW1hX3ZlcnNpb24iOiIwIn0="
        }
      ]
    }
  ],
  "check_results": null
}
