{
  "version": 4,
  "terraform_version": "1.6.2",
  "serial": 2,
  "lineage": "9e44a0a1-2709-0f1c-a097-19b7a4b96b22",
  "outputs": {
    "example_rg_id": {
      "value": "/subscriptions/76e5cae4-686a-4880-b01c-ca42b21a180f/resourceGroups/custom_rg",
      "type": "string"
    }
  },
  "resources": [
    {
      "module": "module.example_rg",
      "mode": "managed",
      "type": "azurerm_resource_group",
      "name": "example",
      "provider": "provider[\"registry.terraform.io/hashicorp/azurerm\"]",
      "instances": [
        {
          "schema_version": 0,
          "attributes": {
            "id": "/subscriptions/76e5cae4-686a-4880-b01c-ca42b21a180f/resourceGroups/custom_rg",
            "location": "westus",
            "managed_by": "",
            "name": "custom_rg",
            "tags": null,
            "timeouts": null
          },
          "sensitive_attributes": [],
          "private": "eyJlMmJmYjczMC1lY2FhLTExZTYtOGY4OC0zNDM2M2JjN2M0YzAiOnsiY3JlYXRlIjo1NDAwMDAwMDAwMDAwLCJkZWxldGUiOjU0MDAwMDAwMDAwMDAsInJlYWQiOjMwMDAwMDAwMDAwMCwidXBkYXRlIjo1NDAwMDAwMDAwMDAwfX0="
        }
      ]
    }
  ],
  "check_results": null
}
